
Microsoft Visual Studio Solution File, Format Version 12.00
# Visual Studio 15
VisualStudioVersion = 15.0.28010.0
MinimumVisualStudioVersion = 10.0.40219.1
Project("{FAE04EC0-301F-11D3-BF4B-00C04F79EFBC}") = "quizMeServer", "quizMeServer\quizMeServer.csproj", "{AD071F74-7BD9-47AC-9544-53098ADE3763}"
EndProject
Global
	GlobalSection(SolutionConfigurationPlatforms) = preSolution
		Debug|Any CPU = Debug|Any CPU
		Release|Any CPU = Release|Any CPU
	EndGlobalSection
	GlobalSection(ProjectConfigurationPlatforms) = postSolution
		{AD071F74-7BD9-47AC-9544-53098ADE3763}.Debug|Any CPU.ActiveCfg = Debug|Any CPU
		{AD071F74-7BD9-47AC-9544-53098ADE3763}.Debug|Any CPU.Build.0 = Debug|Any CPU
		{AD071F74-7BD9-47AC-9544-53098ADE3763}.Release|Any CPU.ActiveCfg = Release|Any CPU
		{AD071F74-7BD9-47AC-9544-53098ADE3763}.Release|Any CPU.Build.0 = Release|Any CPU
	EndGlobalSection
	GlobalSection(SolutionProperties) = preSolution
		HideSolutionNode = FALSE
	EndGlobalSection
	GlobalSection(ExtensibilityGlobals) = postSolution
		SolutionGuid = {E834126F-A585-4450-8180-1B7F46E3E568}
	EndGlobalSection
EndGlobal
